
Microsoft Visual Studio Solution File, Format Version 12.00
# Visual Studio Version 16
VisualStudioVersion = 16.0.31112.23
MinimumVisualStudioVersion = 10.0.40219.1
Project("{FAE04EC0-301F-11D3-BF4B-00C04F79EFBC}") = "DocumentManager", "DocumentManager\DocumentManager.csproj", "{F5DDA538-980C-450A-B4B2-03FC28C9EC65}"
EndProject
Project("{2150E333-8FDC-42A3-9474-1A3956D46DE8}") = "Solution Items", "Solution Items", "{2B3009C3-ECDC-4AEE-ACCD-B2998B3092E6}"
	ProjectSection(SolutionItems) = preProject
		README.md = README.md
	EndProjectSection
EndProject
Global
	GlobalSection(SolutionConfigurationPlatforms) = preSolution
		Debug|Any CPU = Debug|Any CPU
		Release|Any CPU = Release|Any CPU
	EndGlobalSection
	GlobalSection(ProjectConfigurationPlatforms) = postSolution
		{F5DDA538-980C-450A-B4B2-03FC28C9EC65}.Debug|Any CPU.ActiveCfg = Debug|Any CPU
		{F5DDA538-980C-450A-B4B2-03FC28C9EC65}.Debug|Any CPU.Build.0 = Debug|Any CPU
		{F5DDA538-980C-450A-B4B2-03FC28C9EC65}.Release|Any CPU.ActiveCfg = Release|Any CPU
		{F5DDA538-980C-450A-B4B2-03FC28C9EC65}.Release|Any CPU.Build.0 = Release|Any CPU
	EndGlobalSection
	GlobalSection(SolutionProperties) = preSolution
		HideSolutionNode = FALSE
	EndGlobalSection
	GlobalSection(ExtensibilityGlobals) = postSolution
		SolutionGuid = {A64156FE-82F2-4524-BB81-280070E1C673}
	EndGlobalSection
EndGlobal
